
Microsoft Visual Studio Solution File, Format Version 12.00
# Visual Studio Version 17
VisualStudioVersion = 17.7.34221.43
MinimumVisualStudioVersion = 10.0.40219.1
Project("{8BC9CEB8-8B4A-11D0-8D11-00A0C91BC942}") = "Abstract Factory", "Design Patterns\Design Patterns.vcxproj", "{8888D189-E77E-49C5-A19F-6A9A6F9D4686}"
EndProject
Project("{8BC9CEB8-8B4A-11D0-8D11-00A0C91BC942}") = "Factory", "Factory\Factory.vcxproj", "{54D40275-D15F-411E-8FC0-D733FC1D2E68}"
EndProject
Project("{8BC9CEB8-8B4A-11D0-8D11-00A0C91BC942}") = "Builder", "Builder\Builder.vcxproj", "{C01D06A3-E357-4010-8E8B-861060DE26A2}"
EndProject
Project("{8BC9CEB8-8B4A-11D0-8D11-00A0C91BC942}") = "Prototype", "Prototype\Prototype.vcxproj", "{2B2A26DA-FBC7-4992-A72A-D3E674C1603C}"
EndProject
Project("{8BC9CEB8-8B4A-11D0-8D11-00A0C91BC942}") = "Singleton", "Singleton\Singleton.vcxproj", "{005DD367-1C10-4BF8-A4A0-EA228847A351}"
EndProject
Project("{8BC9CEB8-8B4A-11D0-8D11-00A0C91BC942}") = "Adapter", "Adapter\Adapter.vcxproj", "{822A4DD1-8091-4CDB-859F-E817642DC5AA}"
EndProject
Project("{8BC9CEB8-8B4A-11D0-8D11-00A0C91BC942}") = "Bridge", "Bridge\Bridge.vcxproj", "{3A4913CF-CDF6-400E-AAE5-7504D5C7A74E}"
EndProject
Project("{8BC9CEB8-8B4A-11D0-8D11-00A0C91BC942}") = "Composite", "Composite\Composite.vcxproj", "{3E647FDC-C521-44D7-BE47-8955DB52AFCD}"
EndProject
Project("{8BC9CEB8-8B4A-11D0-8D11-00A0C91BC942}") = "Decorator", "Decorator\Decorator.vcxproj", "{5C7DBEEA-6263-4301-8489-4582B8629D77}"
EndProject
Project("{8BC9CEB8-8B4A-11D0-8D11-00A0C91BC942}") = "Facade", "Facade\Facade.vcxproj", "{550B6F52-B94D-4B41-974C-6926CD3A9FBE}"
EndProject
Project("{8BC9CEB8-8B4A-11D0-8D11-00A0C91BC942}") = "Flyweight", "Flyweight\Flyweight.vcxproj", "{D81A6FA9-8A23-4975-B209-D16C50A18382}"
EndProject
Project("{8BC9CEB8-8B4A-11D0-8D11-00A0C91BC942}") = "Proxy", "Proxy\Proxy.vcxproj", "{06D78603-6236-4697-B646-4933ED764C65}"
EndProject
Project("{8BC9CEB8-8B4A-11D0-8D11-00A0C91BC942}") = "Chain of Responsability", "Chain of Responsability\Chain of Responsability.vcxproj", "{FDBF06CB-C02D-4C00-8E64-E87E349B1568}"
EndProject
Project("{8BC9CEB8-8B4A-11D0-8D11-00A0C91BC942}") = "Command", "Command\Command.vcxproj", "{A43018E9-397E-4250-8156-D3C3A7B73423}"
EndProject
Project("{8BC9CEB8-8B4A-11D0-8D11-00A0C91BC942}") = "Iterator", "Iterator\Iterator.vcxproj", "{3E882AED-7F68-451C-B27B-06ECFCC2707C}"
EndProject
Project("{8BC9CEB8-8B4A-11D0-8D11-00A0C91BC942}") = "Mediator", "Mediator\Mediator.vcxproj", "{96EEFF8D-59C6-4887-A3D0-829428285E41}"
EndProject
Project("{8BC9CEB8-8B4A-11D0-8D11-00A0C91BC942}") = "Memento", "Memento\Memento.vcxproj", "{9C19F2F4-6A6A-4536-AA33-17F9D3C266CE}"
EndProject
Project("{8BC9CEB8-8B4A-11D0-8D11-00A0C91BC942}") = "Observer", "Observer\Observer.vcxproj", "{7672E2E2-3966-4128-B1FC-30D053463975}"
EndProject
Project("{8BC9CEB8-8B4A-11D0-8D11-00A0C91BC942}") = "State", "State\State.vcxproj", "{B0E0A8F6-1E3D-4DE6-B016-DD9E3C8222D4}"
EndProject
Global
	GlobalSection(SolutionConfigurationPlatforms) = preSolution
		Debug|ARM64 = Debug|ARM64
		Debug|x64 = Debug|x64
		Debug|x86 = Debug|x86
		Release|ARM64 = Release|ARM64
		Release|x64 = Release|x64
		Release|x86 = Release|x86
	EndGlobalSection
	GlobalSection(ProjectConfigurationPlatforms) = postSolution
		{8888D189-E77E-49C5-A19F-6A9A6F9D4686}.Debug|ARM64.ActiveCfg = Debug|x64
		{8888D189-E77E-49C5-A19F-6A9A6F9D4686}.Debug|ARM64.Build.0 = Debug|x64
		{8888D189-E77E-49C5-A19F-6A9A6F9D4686}.Debug|x64.ActiveCfg = Debug|x64
		{8888D189-E77E-49C5-A19F-6A9A6F9D4686}.Debug|x64.Build.0 = Debug|x64
		{8888D189-E77E-49C5-A19F-6A9A6F9D4686}.Debug|x86.ActiveCfg = Debug|Win32
		{8888D189-E77E-49C5-A19F-6A9A6F9D4686}.Debug|x86.Build.0 = Debug|Win32
		{8888D189-E77E-49C5-A19F-6A9A6F9D4686}.Release|ARM64.ActiveCfg = Release|x64
		{8888D189-E77E-49C5-A19F-6A9A6F9D4686}.Release|ARM64.Build.0 = Release|x64
		{8888D189-E77E-49C5-A19F-6A9A6F9D4686}.Release|x64.ActiveCfg = Release|x64
		{8888D189-E77E-49C5-A19F-6A9A6F9D4686}.Release|x64.Build.0 = Release|x64
		{8888D189-E77E-49C5-A19F-6A9A6F9D4686}.Release|x86.ActiveCfg = Release|Win32
		{8888D189-E77E-49C5-A19F-6A9A6F9D4686}.Release|x86.Build.0 = Release|Win32
		{54D40275-D15F-411E-8FC0-D733FC1D2E68}.Debug|ARM64.ActiveCfg = Debug|x64
		{54D40275-D15F-411E-8FC0-D733FC1D2E68}.Debug|ARM64.Build.0 = Debug|x64
		{54D40275-D15F-411E-8FC0-D733FC1D2E68}.Debug|x64.ActiveCfg = Debug|x64
		{54D40275-D15F-411E-8FC0-D733FC1D2E68}.Debug|x64.Build.0 = Debug|x64
		{54D40275-D15F-411E-8FC0-D733FC1D2E68}.Debug|x86.ActiveCfg = Debug|Win32
		{54D40275-D15F-411E-8FC0-D733FC1D2E68}.Debug|x86.Build.0 = Debug|Win32
		{54D40275-D15F-411E-8FC0-D733FC1D2E68}.Release|ARM64.ActiveCfg = Release|x64
		{54D40275-D15F-411E-8FC0-D733FC1D2E68}.Release|ARM64.Build.0 = Release|x64
		{54D40275-D15F-411E-8FC0-D733FC1D2E68}.Release|x64.ActiveCfg = Release|x64
		{54D40275-D15F-411E-8FC0-D733FC1D2E68}.Release|x64.Build.0 = Release|x64
		{54D40275-D15F-411E-8FC0-D733FC1D2E68}.Release|x86.ActiveCfg = Release|Win32
		{54D40275-D15F-411E-8FC0-D733FC1D2E68}.Release|x86.Build.0 = Release|Win32
		{C01D06A3-E357-4010-8E8B-861060DE26A2}.Debug|ARM64.ActiveCfg = Debug|x64
		{C01D06A3-E357-4010-8E8B-861060DE26A2}.Debug|ARM64.Build.0 = Debug|x64
		{C01D06A3-E357-4010-8E8B-861060DE26A2}.Debug|x64.ActiveCfg = Debug|x64
		{C01D06A3-E357-4010-8E8B-861060DE26A2}.Debug|x64.Build.0 = Debug|x64
		{C01D06A3-E357-4010-8E8B-861060DE26A2}.Debug|x86.ActiveCfg = Debug|Win32
		{C01D06A3-E357-4010-8E8B-861060DE26A2}.Debug|x86.Build.0 = Debug|Win32
		{C01D06A3-E357-4010-8E8B-861060DE26A2}.Release|ARM64.ActiveCfg = Release|x64
		{C01D06A3-E357-4010-8E8B-861060DE26A2}.Release|ARM64.Build.0 = Release|x64
		{C01D06A3-E357-4010-8E8B-861060DE26A2}.Release|x64.ActiveCfg = Release|x64
		{C01D06A3-E357-4010-8E8B-861060DE26A2}.Release|x64.Build.0 = Release|x64
		{C01D06A3-E357-4010-8E8B-861060DE26A2}.Release|x86.ActiveCfg = Release|Win32
		{C01D06A3-E357-4010-8E8B-861060DE26A2}.Release|x86.Build.0 = Release|Win32
		{2B2A26DA-FBC7-4992-A72A-D3E674C1603C}.Debug|ARM64.ActiveCfg = Debug|x64
		{2B2A26DA-FBC7-4992-A72A-D3E674C1603C}.Debug|ARM64.Build.0 = Debug|x64
		{2B2A26DA-FBC7-4992-A72A-D3E674C1603C}.Debug|x64.ActiveCfg = Debug|x64
		{2B2A26DA-FBC7-4992-A72A-D3E674C1603C}.Debug|x64.Build.0 = Debug|x64
		{2B2A26DA-FBC7-4992-A72A-D3E674C1603C}.Debug|x86.ActiveCfg = Debug|Win32
		{2B2A26DA-FBC7-4992-A72A-D3E674C1603C}.Debug|x86.Build.0 = Debug|Win32
		{2B2A26DA-FBC7-4992-A72A-D3E674C1603C}.Release|ARM64.ActiveCfg = Release|x64
		{2B2A26DA-FBC7-4992-A72A-D3E674C1603C}.Release|ARM64.Build.0 = Release|x64
		{2B2A26DA-FBC7-4992-A72A-D3E674C1603C}.Release|x64.ActiveCfg = Release|x64
		{2B2A26DA-FBC7-4992-A72A-D3E674C1603C}.Release|x64.Build.0 = Release|x64
		{2B2A26DA-FBC7-4992-A72A-D3E674C1603C}.Release|x86.ActiveCfg = Release|Win32
		{2B2A26DA-FBC7-4992-A72A-D3E674C1603C}.Release|x86.Build.0 = Release|Win32
		{005DD367-1C10-4BF8-A4A0-EA228847A351}.Debug|ARM64.ActiveCfg = Debug|x64
		{005DD367-1C10-4BF8-A4A0-EA228847A351}.Debug|ARM64.Build.0 = Debug|x64
		{005DD367-1C10-4BF8-A4A0-EA228847A351}.Debug|x64.ActiveCfg = Debug|x64
		{005DD367-1C10-4BF8-A4A0-EA228847A351}.Debug|x64.Build.0 = Debug|x64
		{005DD367-1C10-4BF8-A4A0-EA228847A351}.Debug|x86.ActiveCfg = Debug|Win32
		{005DD367-1C10-4BF8-A4A0-EA228847A351}.Debug|x86.Build.0 = Debug|Win32
		{005DD367-1C10-4BF8-A4A0-EA228847A351}.Release|ARM64.ActiveCfg = Release|x64
		{005DD367-1C10-4BF8-A4A0-EA228847A351}.Release|ARM64.Build.0 = Release|x64
		{005DD367-1C10-4BF8-A4A0-EA228847A351}.Release|x64.ActiveCfg = Release|x64
		{005DD367-1C10-4BF8-A4A0-EA228847A351}.Release|x64.Build.0 = Release|x64
		{005DD367-1C10-4BF8-A4A0-EA228847A351}.Release|x86.ActiveCfg = Release|Win32
		{005DD367-1C10-4BF8-A4A0-EA228847A351}.Release|x86.Build.0 = Release|Win32
		{822A4DD1-8091-4CDB-859F-E817642DC5AA}.Debug|ARM64.ActiveCfg = Debug|x64
		{822A4DD1-8091-4CDB-859F-E817642DC5AA}.Debug|ARM64.Build.0 = Debug|x64
		{822A4DD1-8091-4CDB-859F-E817642DC5AA}.Debug|x64.ActiveCfg = Debug|x64
		{822A4DD1-8091-4CDB-859F-E817642DC5AA}.Debug|x64.Build.0 = Debug|x64
		{822A4DD1-8091-4CDB-859F-E817642DC5AA}.Debug|x86.ActiveCfg = Debug|Win32
		{822A4DD1-8091-4CDB-859F-E817642DC5AA}.Debug|x86.Build.0 = Debug|Win32
		{822A4DD1-8091-4CDB-859F-E817642DC5AA}.Release|ARM64.ActiveCfg = Release|x64
		{822A4DD1-8091-4CDB-859F-E817642DC5AA}.Release|ARM64.Build.0 = Release|x64
		{822A4DD1-8091-4CDB-859F-E817642DC5AA}.Release|x64.ActiveCfg = Release|x64
		{822A4DD1-8091-4CDB-859F-E817642DC5AA}.Release|x64.Build.0 = Release|x64
		{822A4DD1-8091-4CDB-859F-E817642DC5AA}.Release|x86.ActiveCfg = Release|Win32
		{822A4DD1-8091-4CDB-859F-E817642DC5AA}.Release|x86.Build.0 = Release|Win32
		{3A4913CF-CDF6-400E-AAE5-7504D5C7A74E}.Debug|ARM64.ActiveCfg = Debug|x64
		{3A4913CF-CDF6-400E-AAE5-7504D5C7A74E}.Debug|ARM64.Build.0 = Debug|x64
		{3A4913CF-CDF6-400E-AAE5-7504D5C7A74E}.Debug|x64.ActiveCfg = Debug|x64
		{3A4913CF-CDF6-400E-AAE5-7504D5C7A74E}.Debug|x64.Build.0 = Debug|x64
		{3A4913CF-CDF6-400E-AAE5-7504D5C7A74E}.Debug|x86.ActiveCfg = Debug|Win32
		{3A4913CF-CDF6-400E-AAE5-7504D5C7A74E}.Debug|x86.Build.0 = Debug|Win32
		{3A4913CF-CDF6-400E-AAE5-7504D5C7A74E}.Release|ARM64.ActiveCfg = Release|x64
		{3A4913CF-CDF6-400E-AAE5-7504D5C7A74E}.Release|ARM64.Build.0 = Release|x64
		{3A4913CF-CDF6-400E-AAE5-7504D5C7A74E}.Release|x64.ActiveCfg = Release|x64
		{3A4913CF-CDF6-400E-AAE5-7504D5C7A74E}.Release|x64.Build.0 = Release|x64
		{3A4913CF-CDF6-400E-AAE5-7504D5C7A74E}.Release|x86.ActiveCfg = Release|Win32
		{3A4913CF-CDF6-400E-AAE5-7504D5C7A74E}.Release|x86.Build.0 = Release|Win32
		{3E647FDC-C521-44D7-BE47-8955DB52AFCD}.Debug|ARM64.ActiveCfg = Debug|x64
		{3E647FDC-C521-44D7-BE47-8955DB52AFCD}.Debug|ARM64.Build.0 = Debug|x64
		{3E647FDC-C521-44D7-BE47-8955DB52AFCD}.Debug|x64.ActiveCfg = Debug|x64
		{3E647FDC-C521-44D7-BE47-8955DB52AFCD}.Debug|x64.Build.0 = Debug|x64
		{3E647FDC-C521-44D7-BE47-8955DB52AFCD}.Debug|x86.ActiveCfg = Debug|Win32
		{3E647FDC-C521-44D7-BE47-8955DB52AFCD}.Debug|x86.Build.0 = Debug|Win32
		{3E647FDC-C521-44D7-BE47-8955DB52AFCD}.Release|ARM64.ActiveCfg = Release|x64
		{3E647FDC-C521-44D7-BE47-8955DB52AFCD}.Release|ARM64.Build.0 = Release|x64
		{3E647FDC-C521-44D7-BE47-8955DB52AFCD}.Release|x64.ActiveCfg = Release|x64
		{3E647FDC-C521-44D7-BE47-8955DB52AFCD}.Release|x64.Build.0 = Release|x64
		{3E647FDC-C521-44D7-BE47-8955DB52AFCD}.Release|x86.ActiveCfg = Release|Win32
		{3E647FDC-C521-44D7-BE47-8955DB52AFCD}.Release|x86.Build.0 = Release|Win32
		{5C7DBEEA-6263-4301-8489-4582B8629D77}.Debug|ARM64.ActiveCfg = Debug|x64
		{5C7DBEEA-6263-4301-8489-4582B8629D77}.Debug|ARM64.Build.0 = Debug|x64
		{5C7DBEEA-6263-4301-8489-4582B8629D77}.Debug|x64.ActiveCfg = Debug|x64
		{5C7DBEEA-6263-4301-8489-4582B8629D77}.Debug|x64.Build.0 = Debug|x64
		{5C7DBEEA-6263-4301-8489-4582B8629D77}.Debug|x86.ActiveCfg = Debug|Win32
		{5C7DBEEA-6263-4301-8489-4582B8629D77}.Debug|x86.Build.0 = Debug|Win32
		{5C7DBEEA-6263-4301-8489-4582B8629D77}.Release|ARM64.ActiveCfg = Release|x64
		{5C7DBEEA-6263-4301-8489-4582B8629D77}.Release|ARM64.Build.0 = Release|x64
		{5C7DBEEA-6263-4301-8489-4582B8629D77}.Release|x64.ActiveCfg = Release|x64
		{5C7DBEEA-6263-4301-8489-4582B8629D77}.Release|x64.Build.0 = Release|x64
		{5C7DBEEA-6263-4301-8489-4582B8629D77}.Release|x86.ActiveCfg = Release|Win32
		{5C7DBEEA-6263-4301-8489-4582B8629D77}.Release|x86.Build.0 = Release|Win32
		{550B6F52-B94D-4B41-974C-6926CD3A9FBE}.Debug|ARM64.ActiveCfg = Debug|x64
		{550B6F52-B94D-4B41-974C-6926CD3A9FBE}.Debug|ARM64.Build.0 = Debug|x64
		{550B6F52-B94D-4B41-974C-6926CD3A9FBE}.Debug|x64.ActiveCfg = Debug|x64
		{550B6F52-B94D-4B41-974C-6926CD3A9FBE}.Debug|x64.Build.0 = Debug|x64
		{550B6F52-B94D-4B41-974C-6926CD3A9FBE}.Debug|x86.ActiveCfg = Debug|Win32
		{550B6F52-B94D-4B41-974C-6926CD3A9FBE}.Debug|x86.Build.0 = Debug|Win32
		{550B6F52-B94D-4B41-974C-6926CD3A9FBE}.Release|ARM64.ActiveCfg = Release|x64
		{550B6F52-B94D-4B41-974C-6926CD3A9FBE}.Release|ARM64.Build.0 = Release|x64
		{550B6F52-B94D-4B41-974C-6926CD3A9FBE}.Release|x64.ActiveCfg = Release|x64
		{550B6F52-B94D-4B41-974C-6926CD3A9FBE}.Release|x64.Build.0 = Release|x64
		{550B6F52-B94D-4B41-974C-6926CD3A9FBE}.Release|x86.ActiveCfg = Release|Win32
		{550B6F52-B94D-4B41-974C-6926CD3A9FBE}.Release|x86.Build.0 = Release|Win32
		{D81A6FA9-8A23-4975-B209-D16C50A18382}.Debug|ARM64.ActiveCfg = Debug|x64
		{D81A6FA9-8A23-4975-B209-D16C50A18382}.Debug|ARM64.Build.0 = Debug|x64
		{D81A6FA9-8A23-4975-B209-D16C50A18382}.Debug|x64.ActiveCfg = Debug|x64
		{D81A6FA9-8A23-4975-B209-D16C50A18382}.Debug|x64.Build.0 = Debug|x64
		{D81A6FA9-8A23-4975-B209-D16C50A18382}.Debug|x86.ActiveCfg = Debug|Win32
		{D81A6FA9-8A23-4975-B209-D16C50A18382}.Debug|x86.Build.0 = Debug|Win32
		{D81A6FA9-8A23-4975-B209-D16C50A18382}.Release|ARM64.ActiveCfg = Release|x64
		{D81A6FA9-8A23-4975-B209-D16C50A18382}.Release|ARM64.Build.0 = Release|x64
		{D81A6FA9-8A23-4975-B209-D16C50A18382}.Release|x64.ActiveCfg = Release|x64
		{D81A6FA9-8A23-4975-B209-D16C50A18382}.Release|x64.Build.0 = Release|x64
		{D81A6FA9-8A23-4975-B209-D16C50A18382}.Release|x86.ActiveCfg = Release|Win32
		{D81A6FA9-8A23-4975-B209-D16C50A18382}.Release|x86.Build.0 = Release|Win32
		{06D78603-6236-4697-B646-4933ED764C65}.Debug|ARM64.ActiveCfg = Debug|x64
		{06D78603-6236-4697-B646-4933ED764C65}.Debug|ARM64.Build.0 = Debug|x64
		{06D78603-6236-4697-B646-4933ED764C65}.Debug|x64.ActiveCfg = Debug|x64
		{06D78603-6236-4697-B646-4933ED764C65}.Debug|x64.Build.0 = Debug|x64
		{06D78603-6236-4697-B646-4933ED764C65}.Debug|x86.ActiveCfg = Debug|Win32
		{06D78603-6236-4697-B646-4933ED764C65}.Debug|x86.Build.0 = Debug|Win32
		{06D78603-6236-4697-B646-4933ED764C65}.Release|ARM64.ActiveCfg = Release|x64
		{06D78603-6236-4697-B646-4933ED764C65}.Release|ARM64.Build.0 = Release|x64
		{06D78603-6236-4697-B646-4933ED764C65}.Release|x64.ActiveCfg = Release|x64
		{06D78603-6236-4697-B646-4933ED764C65}.Release|x64.Build.0 = Release|x64
		{06D78603-6236-4697-B646-4933ED764C65}.Release|x86.ActiveCfg = Release|Win32
		{06D78603-6236-4697-B646-4933ED764C65}.Release|x86.Build.0 = Release|Win32
		{FDBF06CB-C02D-4C00-8E64-E87E349B1568}.Debug|ARM64.ActiveCfg = Debug|x64
		{FDBF06CB-C02D-4C00-8E64-E87E349B1568}.Debug|ARM64.Build.0 = Debug|x64
		{FDBF06CB-C02D-4C00-8E64-E87E349B1568}.Debug|x64.ActiveCfg = Debug|x64
		{FDBF06CB-C02D-4C00-8E64-E87E349B1568}.Debug|x64.Build.0 = Debug|x64
		{FDBF06CB-C02D-4C00-8E64-E87E349B1568}.Debug|x86.ActiveCfg = Debug|Win32
		{FDBF06CB-C02D-4C00-8E64-E87E349B1568}.Debug|x86.Build.0 = Debug|Win32
		{FDBF06CB-C02D-4C00-8E64-E87E349B1568}.Release|ARM64.ActiveCfg = Release|x64
		{FDBF06CB-C02D-4C00-8E64-E87E349B1568}.Release|ARM64.Build.0 = Release|x64
		{FDBF06CB-C02D-4C00-8E64-E87E349B1568}.Release|x64.ActiveCfg = Release|x64
		{FDBF06CB-C02D-4C00-8E64-E87E349B1568}.Release|x64.Build.0 = Release|x64
		{FDBF06CB-C02D-4C00-8E64-E87E349B1568}.Release|x86.ActiveCfg = Release|Win32
		{FDBF06CB-C02D-4C00-8E64-E87E349B1568}.Release|x86.Build.0 = Release|Win32
		{A43018E9-397E-4250-8156-D3C3A7B73423}.Debug|ARM64.ActiveCfg = Debug|ARM64
		{A43018E9-397E-4250-8156-D3C3A7B73423}.Debug|ARM64.Build.0 = Debug|ARM64
		{A43018E9-397E-4250-8156-D3C3A7B73423}.Debug|x64.ActiveCfg = Debug|x64
		{A43018E9-397E-4250-8156-D3C3A7B73423}.Debug|x64.Build.0 = Debug|x64
		{A43018E9-397E-4250-8156-D3C3A7B73423}.Debug|x86.ActiveCfg = Debug|Win32
		{A43018E9-397E-4250-8156-D3C3A7B73423}.Debug|x86.Build.0 = Debug|Win32
		{A43018E9-397E-4250-8156-D3C3A7B73423}.Release|ARM64.ActiveCfg = Release|ARM64
		{A43018E9-397E-4250-8156-D3C3A7B73423}.Release|ARM64.Build.0 = Release|ARM64
		{A43018E9-397E-4250-8156-D3C3A7B73423}.Release|x64.ActiveCfg = Release|x64
		{A43018E9-397E-4250-8156-D3C3A7B73423}.Release|x64.Build.0 = Release|x64
		{A43018E9-397E-4250-8156-D3C3A7B73423}.Release|x86.ActiveCfg = Release|Win32
		{A43018E9-397E-4250-8156-D3C3A7B73423}.Release|x86.Build.0 = Release|Win32
		{3E882AED-7F68-451C-B27B-06ECFCC2707C}.Debug|ARM64.ActiveCfg = Debug|ARM64
		{3E882AED-7F68-451C-B27B-06ECFCC2707C}.Debug|ARM64.Build.0 = Debug|ARM64
		{3E882AED-7F68-451C-B27B-06ECFCC2707C}.Debug|x64.ActiveCfg = Debug|x64
		{3E882AED-7F68-451C-B27B-06ECFCC2707C}.Debug|x64.Build.0 = Debug|x64
		{3E882AED-7F68-451C-B27B-06ECFCC2707C}.Debug|x86.ActiveCfg = Debug|Win32
		{3E882AED-7F68-451C-B27B-06ECFCC2707C}.Debug|x86.Build.0 = Debug|Win32
		{3E882AED-7F68-451C-B27B-06ECFCC2707C}.Release|ARM64.ActiveCfg = Release|ARM64
		{3E882AED-7F68-451C-B27B-06ECFCC2707C}.Release|ARM64.Build.0 = Release|ARM64
		{3E882AED-7F68-451C-B27B-06ECFCC2707C}.Release|x64.ActiveCfg = Release|x64
		{3E882AED-7F68-451C-B27B-06ECFCC2707C}.Release|x64.Build.0 = Release|x64
		{3E882AED-7F68-451C-B27B-06ECFCC2707C}.Release|x86.ActiveCfg = Release|Win32
		{3E882AED-7F68-451C-B27B-06ECFCC2707C}.Release|x86.Build.0 = Release|Win32
		{96EEFF8D-59C6-4887-A3D0-829428285E41}.Debug|ARM64.ActiveCfg = Debug|ARM64
		{96EEFF8D-59C6-4887-A3D0-829428285E41}.Debug|ARM64.Build.0 = Debug|ARM64
		{96EEFF8D-59C6-4887-A3D0-829428285E41}.Debug|x64.ActiveCfg = Debug|x64
		{96EEFF8D-59C6-4887-A3D0-829428285E41}.Debug|x64.Build.0 = Debug|x64
		{96EEFF8D-59C6-4887-A3D0-829428285E41}.Debug|x86.ActiveCfg = Debug|Win32
		{96EEFF8D-59C6-4887-A3D0-829428285E41}.Debug|x86.Build.0 = Debug|Win32
		{96EEFF8D-59C6-4887-A3D0-829428285E41}.Release|ARM64.ActiveCfg = Release|ARM64
		{96EEFF8D-59C6-4887-A3D0-829428285E41}.Release|ARM64.Build.0 = Release|ARM64
		{96EEFF8D-59C6-4887-A3D0-829428285E41}.Release|x64.ActiveCfg = Release|x64
		{96EEFF8D-59C6-4887-A3D0-829428285E41}.Release|x64.Build.0 = Release|x64
		{96EEFF8D-59C6-4887-A3D0-829428285E41}.Release|x86.ActiveCfg = Release|Win32
		{96EEFF8D-59C6-4887-A3D0-829428285E41}.Release|x86.Build.0 = Release|Win32
		{9C19F2F4-6A6A-4536-AA33-17F9D3C266CE}.Debug|ARM64.ActiveCfg = Debug|ARM64
		{9C19F2F4-6A6A-4536-AA33-17F9D3C266CE}.Debug|ARM64.Build.0 = Debug|ARM64
		{9C19F2F4-6A6A-4536-AA33-17F9D3C266CE}.Debug|x64.ActiveCfg = Debug|x64
		{9C19F2F4-6A6A-4536-AA33-17F9D3C266CE}.Debug|x64.Build.0 = Debug|x64
		{9C19F2F4-6A6A-4536-AA33-17F9D3C266CE}.Debug|x86.ActiveCfg = Debug|Win32
		{9C19F2F4-6A6A-4536-AA33-17F9D3C266CE}.Debug|x86.Build.0 = Debug|Win32
		{9C19F2F4-6A6A-4536-AA33-17F9D3C266CE}.Release|ARM64.ActiveCfg = Release|ARM64
		{9C19F2F4-6A6A-4536-AA33-17F9D3C266CE}.Release|ARM64.Build.0 = Release|ARM64
		{9C19F2F4-6A6A-4536-AA33-17F9D3C266CE}.Release|x64.ActiveCfg = Release|x64
		{9C19F2F4-6A6A-4536-AA33-17F9D3C266CE}.Release|x64.Build.0 = Release|x64
		{9C19F2F4-6A6A-4536-AA33-17F9D3C266CE}.Release|x86.ActiveCfg = Release|Win32
		{9C19F2F4-6A6A-4536-AA33-17F9D3C266CE}.Release|x86.Build.0 = Release|Win32
		{7672E2E2-3966-4128-B1FC-30D053463975}.Debug|ARM64.ActiveCfg = Debug|ARM64
		{7672E2E2-3966-4128-B1FC-30D053463975}.Debug|ARM64.Build.0 = Debug|ARM64
		{7672E2E2-3966-4128-B1FC-30D053463975}.Debug|x64.ActiveCfg = Debug|x64
		{7672E2E2-3966-4128-B1FC-30D053463975}.Debug|x64.Build.0 = Debug|x64
		{7672E2E2-3966-4128-B1FC-30D053463975}.Debug|x86.ActiveCfg = Debug|Win32
		{7672E2E2-3966-4128-B1FC-30D053463975}.Debug|x86.Build.0 = Debug|Win32
		{7672E2E2-3966-4128-B1FC-30D053463975}.Release|ARM64.ActiveCfg = Release|ARM64
		{7672E2E2-3966-4128-B1FC-30D053463975}.Release|ARM64.Build.0 = Release|ARM64
		{7672E2E2-3966-4128-B1FC-30D053463975}.Release|x64.ActiveCfg = Release|x64
		{7672E2E2-3966-4128-B1FC-30D053463975}.Release|x64.Build.0 = Release|x64
		{7672E2E2-3966-4128-B1FC-30D053463975}.Release|x86.ActiveCfg = Release|Win32
		{7672E2E2-3966-4128-B1FC-30D053463975}.Release|x86.Build.0 = Release|Win32
		{B0E0A8F6-1E3D-4DE6-B016-DD9E3C8222D4}.Debug|ARM64.ActiveCfg = Debug|ARM64
		{B0E0A8F6-1E3D-4DE6-B016-DD9E3C8222D4}.Debug|ARM64.Build.0 = Debug|ARM64
		{B0E0A8F6-1E3D-4DE6-B016-DD9E3C8222D4}.Debug|x64.ActiveCfg = Debug|x64
		{B0E0A8F6-1E3D-4DE6-B016-DD9E3C8222D4}.Debug|x64.Build.0 = Debug|x64
		{B0E0A8F6-1E3D-4DE6-B016-DD9E3C8222D4}.Debug|x86.ActiveCfg = Debug|Win32
		{B0E0A8F6-1E3D-4DE6-B016-DD9E3C8222D4}.Debug|x86.Build.0 = Debug|Win32
		{B0E0A8F6-1E3D-4DE6-B016-DD9E3C8222D4}.Release|ARM64.ActiveCfg = Release|ARM64
		{B0E0A8F6-1E3D-4DE6-B016-DD9E3C8222D4}.Release|ARM64.Build.0 = Release|ARM64
		{B0E0A8F6-1E3D-4DE6-B016-DD9E3C8222D4}.Release|x64.ActiveCfg = Release|x64
		{B0E0A8F6-1E3D-4DE6-B016-DD9E3C8222D4}.Release|x64.Build.0 = Release|x64
		{B0E0A8F6-1E3D-4DE6-B016-DD9E3C8222D4}.Release|x86.ActiveCfg = Release|Win32
		{B0E0A8F6-1E3D-4DE6-B016-DD9E3C8222D4}.Release|x86.Build.0 = Release|Win32
	EndGlobalSection
	GlobalSection(SolutionProperties) = preSolution
		HideSolutionNode = FALSE
	EndGlobalSection
	GlobalSection(ExtensibilityGlobals) = postSolution
		SolutionGuid = {70EB7BAC-2D31-4A1B-94F5-AEE99EAC81BD}
	EndGlobalSection
EndGlobal
