
Microsoft Visual Studio Solution File, Format Version 12.00
# Visual Studio Version 17
VisualStudioVersion = 17.7.34221.43
MinimumVisualStudioVersion = 10.0.40219.1
Project("{8BC9CEB8-8B4A-11D0-8D11-00A0C91BC942}") = "Abstract Factory", "Design Patterns\Design Patterns.vcxproj", "{8888D189-E77E-49C5-A19F-6A9A6F9D4686}"
EndProject
Project("{8BC9CEB8-8B4A-11D0-8D11-00A0C91BC942}") = "Factory", "Factory\Factory.vcxproj", "{54D40275-D15F-411E-8FC0-D733FC1D2E68}"
EndProject
Project("{8BC9CEB8-8B4A-11D0-8D11-00A0C91BC942}") = "Builder", "Builder\Builder.vcxproj", "{C01D06A3-E357-4010-8E8B-861060DE26A2}"
EndProject
Project("{8BC9CEB8-8B4A-11D0-8D11-00A0C91BC942}") = "Prototype", "Prototype\Prototype.vcxproj", "{2B2A26DA-FBC7-4992-A72A-D3E674C1603C}"
EndProject
Project("{8BC9CEB8-8B4A-11D0-8D11-00A0C91BC942}") = "Singleton", "Singleton\Singleton.vcxproj", "{005DD367-1C10-4BF8-A4A0-EA228847A351}"
EndProject
Project("{8BC9CEB8-8B4A-11D0-8D11-00A0C91BC942}") = "Adapter", "Adapter\Adapter.vcxproj", "{822A4DD1-8091-4CDB-859F-E817642DC5AA}"
EndProject
Project("{8BC9CEB8-8B4A-11D0-8D11-00A0C91BC942}") = "Bridge", "Bridge\Bridge.vcxproj", "{3A4913CF-CDF6-400E-AAE5-7504D5C7A74E}"
EndProject
Global
	GlobalSection(SolutionConfigurationPlatforms) = preSolution
		Debug|x64 = Debug|x64
		Debug|x86 = Debug|x86
		Release|x64 = Release|x64
		Release|x86 = Release|x86
	EndGlobalSection
	GlobalSection(ProjectConfigurationPlatforms) = postSolution
		{8888D189-E77E-49C5-A19F-6A9A6F9D4686}.Debug|x64.ActiveCfg = Debug|x64
		{8888D189-E77E-49C5-A19F-6A9A6F9D4686}.Debug|x64.Build.0 = Debug|x64
		{8888D189-E77E-49C5-A19F-6A9A6F9D4686}.Debug|x86.ActiveCfg = Debug|Win32
		{8888D189-E77E-49C5-A19F-6A9A6F9D4686}.Debug|x86.Build.0 = Debug|Win32
		{8888D189-E77E-49C5-A19F-6A9A6F9D4686}.Release|x64.ActiveCfg = Release|x64
		{8888D189-E77E-49C5-A19F-6A9A6F9D4686}.Release|x64.Build.0 = Release|x64
		{8888D189-E77E-49C5-A19F-6A9A6F9D4686}.Release|x86.ActiveCfg = Release|Win32
		{8888D189-E77E-49C5-A19F-6A9A6F9D4686}.Release|x86.Build.0 = Release|Win32
		{54D40275-D15F-411E-8FC0-D733FC1D2E68}.Debug|x64.ActiveCfg = Debug|x64
		{54D40275-D15F-411E-8FC0-D733FC1D2E68}.Debug|x64.Build.0 = Debug|x64
		{54D40275-D15F-411E-8FC0-D733FC1D2E68}.Debug|x86.ActiveCfg = Debug|Win32
		{54D40275-D15F-411E-8FC0-D733FC1D2E68}.Debug|x86.Build.0 = Debug|Win32
		{54D40275-D15F-411E-8FC0-D733FC1D2E68}.Release|x64.ActiveCfg = Release|x64
		{54D40275-D15F-411E-8FC0-D733FC1D2E68}.Release|x64.Build.0 = Release|x64
		{54D40275-D15F-411E-8FC0-D733FC1D2E68}.Release|x86.ActiveCfg = Release|Win32
		{54D40275-D15F-411E-8FC0-D733FC1D2E68}.Release|x86.Build.0 = Release|Win32
		{C01D06A3-E357-4010-8E8B-861060DE26A2}.Debug|x64.ActiveCfg = Debug|x64
		{C01D06A3-E357-4010-8E8B-861060DE26A2}.Debug|x64.Build.0 = Debug|x64
		{C01D06A3-E357-4010-8E8B-861060DE26A2}.Debug|x86.ActiveCfg = Debug|Win32
		{C01D06A3-E357-4010-8E8B-861060DE26A2}.Debug|x86.Build.0 = Debug|Win32
		{C01D06A3-E357-4010-8E8B-861060DE26A2}.Release|x64.ActiveCfg = Release|x64
		{C01D06A3-E357-4010-8E8B-861060DE26A2}.Release|x64.Build.0 = Release|x64
		{C01D06A3-E357-4010-8E8B-861060DE26A2}.Release|x86.ActiveCfg = Release|Win32
		{C01D06A3-E357-4010-8E8B-861060DE26A2}.Release|x86.Build.0 = Release|Win32
		{2B2A26DA-FBC7-4992-A72A-D3E674C1603C}.Debug|x64.ActiveCfg = Debug|x64
		{2B2A26DA-FBC7-4992-A72A-D3E674C1603C}.Debug|x64.Build.0 = Debug|x64
		{2B2A26DA-FBC7-4992-A72A-D3E674C1603C}.Debug|x86.ActiveCfg = Debug|Win32
		{2B2A26DA-FBC7-4992-A72A-D3E674C1603C}.Debug|x86.Build.0 = Debug|Win32
		{2B2A26DA-FBC7-4992-A72A-D3E674C1603C}.Release|x64.ActiveCfg = Release|x64
		{2B2A26DA-FBC7-4992-A72A-D3E674C1603C}.Release|x64.Build.0 = Release|x64
		{2B2A26DA-FBC7-4992-A72A-D3E674C1603C}.Release|x86.ActiveCfg = Release|Win32
		{2B2A26DA-FBC7-4992-A72A-D3E674C1603C}.Release|x86.Build.0 = Release|Win32
		{005DD367-1C10-4BF8-A4A0-EA228847A351}.Debug|x64.ActiveCfg = Debug|x64
		{005DD367-1C10-4BF8-A4A0-EA228847A351}.Debug|x64.Build.0 = Debug|x64
		{005DD367-1C10-4BF8-A4A0-EA228847A351}.Debug|x86.ActiveCfg = Debug|Win32
		{005DD367-1C10-4BF8-A4A0-EA228847A351}.Debug|x86.Build.0 = Debug|Win32
		{005DD367-1C10-4BF8-A4A0-EA228847A351}.Release|x64.ActiveCfg = Release|x64
		{005DD367-1C10-4BF8-A4A0-EA228847A351}.Release|x64.Build.0 = Release|x64
		{005DD367-1C10-4BF8-A4A0-EA228847A351}.Release|x86.ActiveCfg = Release|Win32
		{005DD367-1C10-4BF8-A4A0-EA228847A351}.Release|x86.Build.0 = Release|Win32
		{822A4DD1-8091-4CDB-859F-E817642DC5AA}.Debug|x64.ActiveCfg = Debug|x64
		{822A4DD1-8091-4CDB-859F-E817642DC5AA}.Debug|x64.Build.0 = Debug|x64
		{822A4DD1-8091-4CDB-859F-E817642DC5AA}.Debug|x86.ActiveCfg = Debug|Win32
		{822A4DD1-8091-4CDB-859F-E817642DC5AA}.Debug|x86.Build.0 = Debug|Win32
		{822A4DD1-8091-4CDB-859F-E817642DC5AA}.Release|x64.ActiveCfg = Release|x64
		{822A4DD1-8091-4CDB-859F-E817642DC5AA}.Release|x64.Build.0 = Release|x64
		{822A4DD1-8091-4CDB-859F-E817642DC5AA}.Release|x86.ActiveCfg = Release|Win32
		{822A4DD1-8091-4CDB-859F-E817642DC5AA}.Release|x86.Build.0 = Release|Win32
		{3A4913CF-CDF6-400E-AAE5-7504D5C7A74E}.Debug|x64.ActiveCfg = Debug|x64
		{3A4913CF-CDF6-400E-AAE5-7504D5C7A74E}.Debug|x64.Build.0 = Debug|x64
		{3A4913CF-CDF6-400E-AAE5-7504D5C7A74E}.Debug|x86.ActiveCfg = Debug|Win32
		{3A4913CF-CDF6-400E-AAE5-7504D5C7A74E}.Debug|x86.Build.0 = Debug|Win32
		{3A4913CF-CDF6-400E-AAE5-7504D5C7A74E}.Release|x64.ActiveCfg = Release|x64
		{3A4913CF-CDF6-400E-AAE5-7504D5C7A74E}.Release|x64.Build.0 = Release|x64
		{3A4913CF-CDF6-400E-AAE5-7504D5C7A74E}.Release|x86.ActiveCfg = Release|Win32
		{3A4913CF-CDF6-400E-AAE5-7504D5C7A74E}.Release|x86.Build.0 = Release|Win32
	EndGlobalSection
	GlobalSection(SolutionProperties) = preSolution
		HideSolutionNode = FALSE
	EndGlobalSection
	GlobalSection(ExtensibilityGlobals) = postSolution
		SolutionGuid = {70EB7BAC-2D31-4A1B-94F5-AEE99EAC81BD}
	EndGlobalSection
EndGlobal
